
Microsoft Visual Studio Solution File, Format Version 12.00
# Visual Studio Version 16
VisualStudioVersion = 16.0.31624.102
MinimumVisualStudioVersion = 10.0.40219.1
Project("{FAE04EC0-301F-11D3-BF4B-00C04F79EFBC}") = "Github", "Github\Github.csproj", "{F070FD2C-CBFF-4D15-A813-5E3541953DAF}"
EndProject
Global
	GlobalSection(SolutionConfigurationPlatforms) = preSolution
		Debug|Any CPU = Debug|Any CPU
		Release|Any CPU = Release|Any CPU
	EndGlobalSection
	GlobalSection(ProjectConfigurationPlatforms) = postSolution
		{F070FD2C-CBFF-4D15-A813-5E3541953DAF}.Debug|Any CPU.ActiveCfg = Debug|Any CPU
		{F070FD2C-CBFF-4D15-A813-5E3541953DAF}.Debug|Any CPU.Build.0 = Debug|Any CPU
		{F070FD2C-CBFF-4D15-A813-5E3541953DAF}.Release|Any CPU.ActiveCfg = Release|Any CPU
		{F070FD2C-CBFF-4D15-A813-5E3541953DAF}.Release|Any CPU.Build.0 = Release|Any CPU
	EndGlobalSection
	GlobalSection(SolutionProperties) = preSolution
		HideSolutionNode = FALSE
	EndGlobalSection
	GlobalSection(ExtensibilityGlobals) = postSolution
		SolutionGuid = {06E42A0F-EE87-4498-96F2-F6FE8700296E}
	EndGlobalSection
EndGlobal
